// !$*UTF8*$!
{
	archiveVersion = 1;
	classes = {
	};
	objectVersion = 48;
	objects = {

/* Begin PBXBuildFile section */
		4FF0C3191CF6814402A4E353 /* Pods_WeiBoCoding.framework in Frameworks */ = {isa = PBXBuildFile; fileRef = B099367F56FB417A3C0F6B20 /* Pods_WeiBoCoding.framework */; };
		94DFED0F202578DD00053808 /* AppDelegate.swift in Sources */ = {isa = PBXBuildFile; fileRef = 94DFED0E202578DD00053808 /* AppDelegate.swift */; };
		94DFED14202578DD00053808 /* Main.storyboard in Resources */ = {isa = PBXBuildFile; fileRef = 94DFED12202578DD00053808 /* Main.storyboard */; };
		94DFED16202578DD00053808 /* Assets.xcassets in Resources */ = {isa = PBXBuildFile; fileRef = 94DFED15202578DD00053808 /* Assets.xcassets */; };
		94DFED24202578DD00053808 /* WeiBoCodingTests.swift in Sources */ = {isa = PBXBuildFile; fileRef = 94DFED23202578DD00053808 /* WeiBoCodingTests.swift */; };
		94DFED2F202578DE00053808 /* WeiBoCodingUITests.swift in Sources */ = {isa = PBXBuildFile; fileRef = 94DFED2E202578DE00053808 /* WeiBoCodingUITests.swift */; };
/* End PBXBuildFile section */

/* Begin PBXContainerItemProxy section */
		94DFED20202578DD00053808 /* PBXContainerItemProxy */ = {
			isa = PBXContainerItemProxy;
			containerPortal = 94DFED03202578DD00053808 /* Project object */;
			proxyType = 1;
			remoteGlobalIDString = 94DFED0A202578DD00053808;
			remoteInfo = WeiBoCoding;
		};
		94DFED2B202578DE00053808 /* PBXContainerItemProxy */ = {
			isa = PBXContainerItemProxy;
			containerPortal = 94DFED03202578DD00053808 /* Project object */;
			proxyType = 1;
			remoteGlobalIDString = 94DFED0A202578DD00053808;
			remoteInfo = WeiBoCoding;
		};
/* End PBXContainerItemProxy section */

/* Begin PBXFileReference section */
		363B7630158C5B45AA88EE95 /* Pods-WeiBoCoding.release.xcconfig */ = {isa = PBXFileReference; includeInIndex = 1; lastKnownFileType = text.xcconfig; name = "Pods-WeiBoCoding.release.xcconfig"; path = "Pods/Target Support Files/Pods-WeiBoCoding/Pods-WeiBoCoding.release.xcconfig"; sourceTree = "<group>"; };
		94DFED0B202578DD00053808 /* 微博.app */ = {isa = PBXFileReference; explicitFileType = wrapper.application; includeInIndex = 0; path = "微博.app"; sourceTree = BUILT_PRODUCTS_DIR; };
		94DFED0E202578DD00053808 /* AppDelegate.swift */ = {isa = PBXFileReference; lastKnownFileType = sourcecode.swift; path = AppDelegate.swift; sourceTree = "<group>"; };
		94DFED13202578DD00053808 /* Base */ = {isa = PBXFileReference; lastKnownFileType = file.storyboard; name = Base; path = Base.lproj/Main.storyboard; sourceTree = "<group>"; };
		94DFED15202578DD00053808 /* Assets.xcassets */ = {isa = PBXFileReference; lastKnownFileType = folder.assetcatalog; path = Assets.xcassets; sourceTree = "<group>"; };
		94DFED1A202578DD00053808 /* Info.plist */ = {isa = PBXFileReference; lastKnownFileType = text.plist.xml; path = Info.plist; sourceTree = "<group>"; };
		94DFED1F202578DD00053808 /* WeiBoCodingTests.xctest */ = {isa = PBXFileReference; explicitFileType = wrapper.cfbundle; includeInIndex = 0; path = WeiBoCodingTests.xctest; sourceTree = BUILT_PRODUCTS_DIR; };
		94DFED23202578DD00053808 /* WeiBoCodingTests.swift */ = {isa = PBXFileReference; lastKnownFileType = sourcecode.swift; path = WeiBoCodingTests.swift; sourceTree = "<group>"; };
		94DFED25202578DD00053808 /* Info.plist */ = {isa = PBXFileReference; lastKnownFileType = text.plist.xml; path = Info.plist; sourceTree = "<group>"; };
		94DFED2A202578DE00053808 /* WeiBoCodingUITests.xctest */ = {isa = PBXFileReference; explicitFileType = wrapper.cfbundle; includeInIndex = 0; path = WeiBoCodingUITests.xctest; sourceTree = BUILT_PRODUCTS_DIR; };
		94DFED2E202578DE00053808 /* WeiBoCodingUITests.swift */ = {isa = PBXFileReference; lastKnownFileType = sourcecode.swift; path = WeiBoCodingUITests.swift; sourceTree = "<group>"; };
		94DFED30202578DE00053808 /* Info.plist */ = {isa = PBXFileReference; lastKnownFileType = text.plist.xml; path = Info.plist; sourceTree = "<group>"; };
		B099367F56FB417A3C0F6B20 /* Pods_WeiBoCoding.framework */ = {isa = PBXFileReference; explicitFileType = wrapper.framework; includeInIndex = 0; path = Pods_WeiBoCoding.framework; sourceTree = BUILT_PRODUCTS_DIR; };
		EA673865363641FEA38F8270 /* Pods-WeiBoCoding.debug.xcconfig */ = {isa = PBXFileReference; includeInIndex = 1; lastKnownFileType = text.xcconfig; name = "Pods-WeiBoCoding.debug.xcconfig"; path = "Pods/Target Support Files/Pods-WeiBoCoding/Pods-WeiBoCoding.debug.xcconfig"; sourceTree = "<group>"; };
/* End PBXFileReference section */

/* Begin PBXFrameworksBuildPhase section */
		94DFED08202578DD00053808 /* Frameworks */ = {
			isa = PBXFrameworksBuildPhase;
			buildActionMask = 2147483647;
			files = (
				4FF0C3191CF6814402A4E353 /* Pods_WeiBoCoding.framework in Frameworks */,
			);
			runOnlyForDeploymentPostprocessing = 0;
		};
		94DFED1C202578DD00053808 /* Frameworks */ = {
			isa = PBXFrameworksBuildPhase;
			buildActionMask = 2147483647;
			files = (
			);
			runOnlyForDeploymentPostprocessing = 0;
		};
		94DFED27202578DD00053808 /* Frameworks */ = {
			isa = PBXFrameworksBuildPhase;
			buildActionMask = 2147483647;
			files = (
			);
			runOnlyForDeploymentPostprocessing = 0;
		};
/* End PBXFrameworksBuildPhase section */

/* Begin PBXGroup section */
		0A740565C8792E32727E8A69 /* Frameworks */ = {
			isa = PBXGroup;
			children = (
				B099367F56FB417A3C0F6B20 /* Pods_WeiBoCoding.framework */,
			);
			name = Frameworks;
			sourceTree = "<group>";
		};
		944E05052057C27E0051F6D5 /* OAuth */ = {
			isa = PBXGroup;
			children = (
			);
			name = OAuth;
			path = Classes/OAuth;
			sourceTree = SOURCE_ROOT;
		};
		9458EEA4202C25CC00A00F0C /* Resource */ = {
			isa = PBXGroup;
			children = (
			);
			path = Resource;
			sourceTree = "<group>";
		};
		94DFED02202578DD00053808 = {
			isa = PBXGroup;
			children = (
				94DFED0D202578DD00053808 /* WeiBoCoding */,
				94DFED22202578DD00053808 /* WeiBoCodingTests */,
				94DFED2D202578DE00053808 /* WeiBoCodingUITests */,
				94DFED0C202578DD00053808 /* Products */,
				A96968E7A9073DA76ECB471C /* Pods */,
				0A740565C8792E32727E8A69 /* Frameworks */,
			);
			sourceTree = "<group>";
		};
		94DFED0C202578DD00053808 /* Products */ = {
			isa = PBXGroup;
			children = (
				94DFED0B202578DD00053808 /* 微博.app */,
				94DFED1F202578DD00053808 /* WeiBoCodingTests.xctest */,
				94DFED2A202578DE00053808 /* WeiBoCodingUITests.xctest */,
			);
			name = Products;
			sourceTree = "<group>";
		};
		94DFED0D202578DD00053808 /* WeiBoCoding */ = {
			isa = PBXGroup;
			children = (
				94DFED4020258FBC00053808 /* Classes */,
				94DFED0E202578DD00053808 /* AppDelegate.swift */,
				94DFED12202578DD00053808 /* Main.storyboard */,
				94DFED15202578DD00053808 /* Assets.xcassets */,
				94DFED1A202578DD00053808 /* Info.plist */,
			);
			path = WeiBoCoding;
			sourceTree = "<group>";
		};
		94DFED22202578DD00053808 /* WeiBoCodingTests */ = {
			isa = PBXGroup;
			children = (
				94DFED23202578DD00053808 /* WeiBoCodingTests.swift */,
				94DFED25202578DD00053808 /* Info.plist */,
			);
			path = WeiBoCodingTests;
			sourceTree = "<group>";
		};
		94DFED2D202578DE00053808 /* WeiBoCodingUITests */ = {
			isa = PBXGroup;
			children = (
				94DFED2E202578DE00053808 /* WeiBoCodingUITests.swift */,
				94DFED30202578DE00053808 /* Info.plist */,
			);
			path = WeiBoCodingUITests;
			sourceTree = "<group>";
		};
		94DFED4020258FBC00053808 /* Classes */ = {
			isa = PBXGroup;
			children = (
				94DFED4120258FBC00053808 /* Home */,
				94DFED4220258FBC00053808 /* Tools */,
				94DFED4320258FBC00053808 /* Discover */,
				94DFED4420258FBC00053808 /* Compose */,
				94DFED4520258FBC00053808 /* Message */,
				94DFED4620258FBC00053808 /* Profile */,
				94DFED4720258FBC00053808 /* Main */,
				944E05052057C27E0051F6D5 /* OAuth */,
			);
			path = Classes;
			sourceTree = SOURCE_ROOT;
		};
		94DFED4120258FBC00053808 /* Home */ = {
			isa = PBXGroup;
			children = (
			);
			path = Home;
			sourceTree = "<group>";
		};
		94DFED4220258FBC00053808 /* Tools */ = {
			isa = PBXGroup;
			children = (
			);
			path = Tools;
			sourceTree = "<group>";
		};
		94DFED4320258FBC00053808 /* Discover */ = {
			isa = PBXGroup;
			children = (
			);
			path = Discover;
			sourceTree = "<group>";
		};
		94DFED4420258FBC00053808 /* Compose */ = {
			isa = PBXGroup;
			children = (
			);
			path = Compose;
			sourceTree = "<group>";
		};
		94DFED4520258FBC00053808 /* Message */ = {
			isa = PBXGroup;
			children = (
			);
			path = Message;
			sourceTree = "<group>";
		};
		94DFED4620258FBC00053808 /* Profile */ = {
			isa = PBXGroup;
			children = (
			);
			path = Profile;
			sourceTree = "<group>";
		};
		94DFED4720258FBC00053808 /* Main */ = {
			isa = PBXGroup;
			children = (
				9458EEA4202C25CC00A00F0C /* Resource */,
			);
			path = Main;
			sourceTree = "<group>";
		};
		A96968E7A9073DA76ECB471C /* Pods */ = {
			isa = PBXGroup;
			children = (
				EA673865363641FEA38F8270 /* Pods-WeiBoCoding.debug.xcconfig */,
				363B7630158C5B45AA88EE95 /* Pods-WeiBoCoding.release.xcconfig */,
			);
			name = Pods;
			sourceTree = "<group>";
		};
/* End PBXGroup section */

/* Begin PBXNativeTarget section */
		94DFED0A202578DD00053808 /* WeiBoCoding */ = {
			isa = PBXNativeTarget;
			buildConfigurationList = 94DFED33202578DE00053808 /* Build configuration list for PBXNativeTarget "WeiBoCoding" */;
			buildPhases = (
				2B535DC6DB4E6FCD408475DB /* [CP] Check Pods Manifest.lock */,
				94DFED07202578DD00053808 /* Sources */,
				94DFED08202578DD00053808 /* Frameworks */,
				94DFED09202578DD00053808 /* Resources */,
				F1A5E013347CBF9EFF856ABB /* [CP] Embed Pods Frameworks */,
				99C15AF5D7A477882B5CE0CF /* [CP] Copy Pods Resources */,
			);
			buildRules = (
			);
			dependencies = (
			);
			name = WeiBoCoding;
			productName = WeiBoCoding;
			productReference = 94DFED0B202578DD00053808 /* 微博.app */;
			productType = "com.apple.product-type.application";
		};
		94DFED1E202578DD00053808 /* WeiBoCodingTests */ = {
			isa = PBXNativeTarget;
			buildConfigurationList = 94DFED36202578DE00053808 /* Build configuration list for PBXNativeTarget "WeiBoCodingTests" */;
			buildPhases = (
				94DFED1B202578DD00053808 /* Sources */,
				94DFED1C202578DD00053808 /* Frameworks */,
				94DFED1D202578DD00053808 /* Resources */,
			);
			buildRules = (
			);
			dependencies = (
				94DFED21202578DD00053808 /* PBXTargetDependency */,
			);
			name = WeiBoCodingTests;
			productName = WeiBoCodingTests;
			productReference = 94DFED1F202578DD00053808 /* WeiBoCodingTests.xctest */;
			productType = "com.apple.product-type.bundle.unit-test";
		};
		94DFED29202578DD00053808 /* WeiBoCodingUITests */ = {
			isa = PBXNativeTarget;
			buildConfigurationList = 94DFED39202578DE00053808 /* Build configuration list for PBXNativeTarget "WeiBoCodingUITests" */;
			buildPhases = (
				94DFED26202578DD00053808 /* Sources */,
				94DFED27202578DD00053808 /* Frameworks */,
				94DFED28202578DD00053808 /* Resources */,
			);
			buildRules = (
			);
			dependencies = (
				94DFED2C202578DE00053808 /* PBXTargetDependency */,
			);
			name = WeiBoCodingUITests;
			productName = WeiBoCodingUITests;
			productReference = 94DFED2A202578DE00053808 /* WeiBoCodingUITests.xctest */;
			productType = "com.apple.product-type.bundle.ui-testing";
		};
/* End PBXNativeTarget section */

/* Begin PBXProject section */
		94DFED03202578DD00053808 /* Project object */ = {
			isa = PBXProject;
			attributes = {
				LastSwiftUpdateCheck = 0920;
				LastUpgradeCheck = 0920;
				ORGANIZATIONNAME = wu;
				TargetAttributes = {
					94DFED0A202578DD00053808 = {
						CreatedOnToolsVersion = 9.2;
						ProvisioningStyle = Automatic;
					};
					94DFED1E202578DD00053808 = {
						CreatedOnToolsVersion = 9.2;
						ProvisioningStyle = Automatic;
						TestTargetID = 94DFED0A202578DD00053808;
					};
					94DFED29202578DD00053808 = {
						CreatedOnToolsVersion = 9.2;
						ProvisioningStyle = Automatic;
						TestTargetID = 94DFED0A202578DD00053808;
					};
				};
			};
			buildConfigurationList = 94DFED06202578DD00053808 /* Build configuration list for PBXProject "WeiBoCoding" */;
			compatibilityVersion = "Xcode 8.0";
			developmentRegion = en;
			hasScannedForEncodings = 0;
			knownRegions = (
				en,
				Base,
			);
			mainGroup = 94DFED02202578DD00053808;
			productRefGroup = 94DFED0C202578DD00053808 /* Products */;
			projectDirPath = "";
			projectRoot = "";
			targets = (
				94DFED0A202578DD00053808 /* WeiBoCoding */,
				94DFED1E202578DD00053808 /* WeiBoCodingTests */,
				94DFED29202578DD00053808 /* WeiBoCodingUITests */,
			);
		};
/* End PBXProject section */

/* Begin PBXResourcesBuildPhase section */
		94DFED09202578DD00053808 /* Resources */ = {
			isa = PBXResourcesBuildPhase;
			buildActionMask = 2147483647;
			files = (
				94DFED16202578DD00053808 /* Assets.xcassets in Resources */,
				94DFED14202578DD00053808 /* Main.storyboard in Resources */,
			);
			runOnlyForDeploymentPostprocessing = 0;
		};
		94DFED1D202578DD00053808 /* Resources */ = {
			isa = PBXResourcesBuildPhase;
			buildActionMask = 2147483647;
			files = (
			);
			runOnlyForDeploymentPostprocessing = 0;
		};
		94DFED28202578DD00053808 /* Resources */ = {
			isa = PBXResourcesBuildPhase;
			buildActionMask = 2147483647;
			files = (
			);
			runOnlyForDeploymentPostprocessing = 0;
		};
/* End PBXResourcesBuildPhase section */

/* Begin PBXShellScriptBuildPhase section */
		2B535DC6DB4E6FCD408475DB /* [CP] Check Pods Manifest.lock */ = {
			isa = PBXShellScriptBuildPhase;
			buildActionMask = 2147483647;
			files = (
			);
			inputPaths = (
				"${PODS_PODFILE_DIR_PATH}/Podfile.lock",
				"${PODS_ROOT}/Manifest.lock",
			);
			name = "[CP] Check Pods Manifest.lock";
			outputPaths = (
				"$(DERIVED_FILE_DIR)/Pods-WeiBoCoding-checkManifestLockResult.txt",
			);
			runOnlyForDeploymentPostprocessing = 0;
			shellPath = /bin/sh;
			shellScript = "diff \"${PODS_PODFILE_DIR_PATH}/Podfile.lock\" \"${PODS_ROOT}/Manifest.lock\" > /dev/null\nif [ $? != 0 ] ; then\n    # print error to STDERR\n    echo \"error: The sandbox is not in sync with the Podfile.lock. Run 'pod install' or update your CocoaPods installation.\" >&2\n    exit 1\nfi\n# This output is used by Xcode 'outputs' to avoid re-running this script phase.\necho \"SUCCESS\" > \"${SCRIPT_OUTPUT_FILE_0}\"\n";
			showEnvVarsInLog = 0;
		};
		99C15AF5D7A477882B5CE0CF /* [CP] Copy Pods Resources */ = {
			isa = PBXShellScriptBuildPhase;
			buildActionMask = 2147483647;
			files = (
			);
			inputPaths = (
			);
			name = "[CP] Copy Pods Resources";
			outputPaths = (
			);
			runOnlyForDeploymentPostprocessing = 0;
			shellPath = /bin/sh;
			shellScript = "\"${SRCROOT}/Pods/Target Support Files/Pods-WeiBoCoding/Pods-WeiBoCoding-resources.sh\"\n";
			showEnvVarsInLog = 0;
		};
		F1A5E013347CBF9EFF856ABB /* [CP] Embed Pods Frameworks */ = {
			isa = PBXShellScriptBuildPhase;
			buildActionMask = 2147483647;
			files = (
			);
			inputPaths = (
				"${SRCROOT}/Pods/Target Support Files/Pods-WeiBoCoding/Pods-WeiBoCoding-frameworks.sh",
				"${BUILT_PRODUCTS_DIR}/AFNetworking/AFNetworking.framework",
				"${BUILT_PRODUCTS_DIR}/Alamofire/Alamofire.framework",
				"${BUILT_PRODUCTS_DIR}/QorumLogs/QorumLogs.framework",
				"${BUILT_PRODUCTS_DIR}/SnapKit/SnapKit.framework",
			);
			name = "[CP] Embed Pods Frameworks";
			outputPaths = (
				"${TARGET_BUILD_DIR}/${FRAMEWORKS_FOLDER_PATH}/AFNetworking.framework",
				"${TARGET_BUILD_DIR}/${FRAMEWORKS_FOLDER_PATH}/Alamofire.framework",
				"${TARGET_BUILD_DIR}/${FRAMEWORKS_FOLDER_PATH}/QorumLogs.framework",
				"${TARGET_BUILD_DIR}/${FRAMEWORKS_FOLDER_PATH}/SnapKit.framework",
			);
			runOnlyForDeploymentPostprocessing = 0;
			shellPath = /bin/sh;
			shellScript = "\"${SRCROOT}/Pods/Target Support Files/Pods-WeiBoCoding/Pods-WeiBoCoding-frameworks.sh\"\n";
			showEnvVarsInLog = 0;
		};
/* End PBXShellScriptBuildPhase section */

/* Begin PBXSourcesBuildPhase section */
		94DFED07202578DD00053808 /* Sources */ = {
			isa = PBXSourcesBuildPhase;
			buildActionMask = 2147483647;
			files = (
				94DFED0F202578DD00053808 /* AppDelegate.swift in Sources */,
			);
			runOnlyForDeploymentPostprocessing = 0;
		};
		94DFED1B202578DD00053808 /* Sources */ = {
			isa = PBXSourcesBuildPhase;
			buildActionMask = 2147483647;
			files = (
				94DFED24202578DD00053808 /* WeiBoCodingTests.swift in Sources */,
			);
			runOnlyForDeploymentPostprocessing = 0;
		};
		94DFED26202578DD00053808 /* Sources */ = {
			isa = PBXSourcesBuildPhase;
			buildActionMask = 2147483647;
			files = (
				94DFED2F202578DE00053808 /* WeiBoCodingUITests.swift in Sources */,
			);
			runOnlyForDeploymentPostprocessing = 0;
		};
/* End PBXSourcesBuildPhase section */

/* Begin PBXTargetDependency section */
		94DFED21202578DD00053808 /* PBXTargetDependency */ = {
			isa = PBXTargetDependency;
			target = 94DFED0A202578DD00053808 /* WeiBoCoding */;
			targetProxy = 94DFED20202578DD00053808 /* PBXContainerItemProxy */;
		};
		94DFED2C202578DE00053808 /* PBXTargetDependency */ = {
			isa = PBXTargetDependency;
			target = 94DFED0A202578DD00053808 /* WeiBoCoding */;
			targetProxy = 94DFED2B202578DE00053808 /* PBXContainerItemProxy */;
		};
/* End PBXTargetDependency section */

/* Begin PBXVariantGroup section */
		94DFED12202578DD00053808 /* Main.storyboard */ = {
			isa = PBXVariantGroup;
			children = (
				94DFED13202578DD00053808 /* Base */,
			);
			name = Main.storyboard;
			sourceTree = "<group>";
		};
/* End PBXVariantGroup section */

/* Begin XCBuildConfiguration section */
		94DFED31202578DE00053808 /* Debug */ = {
			isa = XCBuildConfiguration;
			buildSettings = {
				ALWAYS_SEARCH_USER_PATHS = NO;
				CLANG_ANALYZER_NONNULL = YES;
				CLANG_ANALYZER_NUMBER_OBJECT_CONVERSION = YES_AGGRESSIVE;
				CLANG_CXX_LANGUAGE_STANDARD = "gnu++14";
				CLANG_CXX_LIBRARY = "libc++";
				CLANG_ENABLE_MODULES = YES;
				CLANG_ENABLE_OBJC_ARC = YES;
				CLANG_WARN_BLOCK_CAPTURE_AUTORELEASING = YES;
				CLANG_WARN_BOOL_CONVERSION = YES;
				CLANG_WARN_COMMA = YES;
				CLANG_WARN_CONSTANT_CONVERSION = YES;
				CLANG_WARN_DIRECT_OBJC_ISA_USAGE = YES_ERROR;
				CLANG_WARN_DOCUMENTATION_COMMENTS = YES;
				CLANG_WARN_EMPTY_BODY = YES;
				CLANG_WARN_ENUM_CONVERSION = YES;
				CLANG_WARN_INFINITE_RECURSION = YES;
				CLANG_WARN_INT_CONVERSION = YES;
				CLANG_WARN_NON_LITERAL_NULL_CONVERSION = YES;
				CLANG_WARN_OBJC_LITERAL_CONVERSION = YES;
				CLANG_WARN_OBJC_ROOT_CLASS = YES_ERROR;
				CLANG_WARN_RANGE_LOOP_ANALYSIS = YES;
				CLANG_WARN_STRICT_PROTOTYPES = YES;
				CLANG_WARN_SUSPICIOUS_MOVE = YES;
				CLANG_WARN_UNGUARDED_AVAILABILITY = YES_AGGRESSIVE;
				CLANG_WARN_UNREACHABLE_CODE = YES;
				CLANG_WARN__DUPLICATE_METHOD_MATCH = YES;
				CODE_SIGN_IDENTITY = "iPhone Developer";
				COPY_PHASE_STRIP = NO;
				DEBUG_INFORMATION_FORMAT = dwarf;
				ENABLE_STRICT_OBJC_MSGSEND = YES;
				ENABLE_TESTABILITY = YES;
				GCC_C_LANGUAGE_STANDARD = gnu11;
				GCC_DYNAMIC_NO_PIC = NO;
				GCC_NO_COMMON_BLOCKS = YES;
				GCC_OPTIMIZATION_LEVEL = 0;
				GCC_PREPROCESSOR_DEFINITIONS = (
					"DEBUG=1",
					"$(inherited)",
				);
				GCC_WARN_64_TO_32_BIT_CONVERSION = YES;
				GCC_WARN_ABOUT_RETURN_TYPE = YES_ERROR;
				GCC_WARN_UNDECLARED_SELECTOR = YES;
				GCC_WARN_UNINITIALIZED_AUTOS = YES_AGGRESSIVE;
				GCC_WARN_UNUSED_FUNCTION = YES;
				GCC_WARN_UNUSED_VARIABLE = YES;
				IPHONEOS_DEPLOYMENT_TARGET = 11.2;
				MTL_ENABLE_DEBUG_INFO = YES;
				ONLY_ACTIVE_ARCH = YES;
				SDKROOT = iphoneos;
				SWIFT_ACTIVE_COMPILATION_CONDITIONS = DEBUG;
				SWIFT_OPTIMIZATION_LEVEL = "-Onone";
			};
			name = Debug;
		};
		94DFED32202578DE00053808 /* Release */ = {
			isa = XCBuildConfiguration;
			buildSettings = {
				ALWAYS_SEARCH_USER_PATHS = NO;
				CLANG_ANALYZER_NONNULL = YES;
				CLANG_ANALYZER_NUMBER_OBJECT_CONVERSION = YES_AGGRESSIVE;
				CLANG_CXX_LANGUAGE_STANDARD = "gnu++14";
				CLANG_CXX_LIBRARY = "libc++";
				CLANG_ENABLE_MODULES = YES;
				CLANG_ENABLE_OBJC_ARC = YES;
				CLANG_WARN_BLOCK_CAPTURE_AUTORELEASING = YES;
				CLANG_WARN_BOOL_CONVERSION = YES;
				CLANG_WARN_COMMA = YES;
				CLANG_WARN_CONSTANT_CONVERSION = YES;
				CLANG_WARN_DIRECT_OBJC_ISA_USAGE = YES_ERROR;
				CLANG_WARN_DOCUMENTATION_COMMENTS = YES;
				CLANG_WARN_EMPTY_BODY = YES;
				CLANG_WARN_ENUM_CONVERSION = YES;
				CLANG_WARN_INFINITE_RECURSION = YES;
				CLANG_WARN_INT_CONVERSION = YES;
				CLANG_WARN_NON_LITERAL_NULL_CONVERSION = YES;
				CLANG_WARN_OBJC_LITERAL_CONVERSION = YES;
				CLANG_WARN_OBJC_ROOT_CLASS = YES_ERROR;
				CLANG_WARN_RANGE_LOOP_ANALYSIS = YES;
				CLANG_WARN_STRICT_PROTOTYPES = YES;
				CLANG_WARN_SUSPICIOUS_MOVE = YES;
				CLANG_WARN_UNGUARDED_AVAILABILITY = YES_AGGRESSIVE;
				CLANG_WARN_UNREACHABLE_CODE = YES;
				CLANG_WARN__DUPLICATE_METHOD_MATCH = YES;
				CODE_SIGN_IDENTITY = "iPhone Developer";
				COPY_PHASE_STRIP = NO;
				DEBUG_INFORMATION_FORMAT = "dwarf-with-dsym";
				ENABLE_NS_ASSERTIONS = NO;
				ENABLE_STRICT_OBJC_MSGSEND = YES;
				GCC_C_LANGUAGE_STANDARD = gnu11;
				GCC_NO_COMMON_BLOCKS = YES;
				GCC_WARN_64_TO_32_BIT_CONVERSION = YES;
				GCC_WARN_ABOUT_RETURN_TYPE = YES_ERROR;
				GCC_WARN_UNDECLARED_SELECTOR = YES;
				GCC_WARN_UNINITIALIZED_AUTOS = YES_AGGRESSIVE;
				GCC_WARN_UNUSED_FUNCTION = YES;
				GCC_WARN_UNUSED_VARIABLE = YES;
				IPHONEOS_DEPLOYMENT_TARGET = 11.2;
				MTL_ENABLE_DEBUG_INFO = NO;
				SDKROOT = iphoneos;
				SWIFT_OPTIMIZATION_LEVEL = "-Owholemodule";
				VALIDATE_PRODUCT = YES;
			};
			name = Release;
		};
		94DFED34202578DE00053808 /* Debug */ = {
			isa = XCBuildConfiguration;
			baseConfigurationReference = EA673865363641FEA38F8270 /* Pods-WeiBoCoding.debug.xcconfig */;
			buildSettings = {
				ASSETCATALOG_COMPILER_APPICON_NAME = AppIcon;
				ASSETCATALOG_COMPILER_LAUNCHIMAGE_NAME = LaunchImage;
				CODE_SIGN_STYLE = Automatic;
				DEVELOPMENT_TEAM = YQEHFW5G3A;
				INFOPLIST_FILE = WeiBoCoding/Info.plist;
				IPHONEOS_DEPLOYMENT_TARGET = 8.0;
				LD_RUNPATH_SEARCH_PATHS = "$(inherited) @executable_path/Frameworks";
				PRODUCT_BUNDLE_IDENTIFIER = chenxian.com.LiveStream;
				PRODUCT_NAME = "微博";
				SWIFT_VERSION = 4.0;
				TARGETED_DEVICE_FAMILY = "1,2";
			};
			name = Debug;
		};
		94DFED35202578DE00053808 /* Release */ = {
			isa = XCBuildConfiguration;
			baseConfigurationReference = 363B7630158C5B45AA88EE95 /* Pods-WeiBoCoding.release.xcconfig */;
			buildSettings = {
				ASSETCATALOG_COMPILER_APPICON_NAME = AppIcon;
				ASSETCATALOG_COMPILER_LAUNCHIMAGE_NAME = LaunchImage;
				CODE_SIGN_STYLE = Automatic;
				DEVELOPMENT_TEAM = YQEHFW5G3A;
				INFOPLIST_FILE = WeiBoCoding/Info.plist;
				IPHONEOS_DEPLOYMENT_TARGET = 8.0;
				LD_RUNPATH_SEARCH_PATHS = "$(inherited) @executable_path/Frameworks";
				PRODUCT_BUNDLE_IDENTIFIER = chenxian.com.LiveStream;
				PRODUCT_NAME = "微博";
				SWIFT_VERSION = 4.0;
				TARGETED_DEVICE_FAMILY = "1,2";
			};
			name = Release;
		};
		94DFED37202578DE00053808 /* Debug */ = {
			isa = XCBuildConfiguration;
			buildSettings = {
				ALWAYS_EMBED_SWIFT_STANDARD_LIBRARIES = YES;
				BUNDLE_LOADER = "$(TEST_HOST)";
				CODE_SIGN_STYLE = Automatic;
				DEVELOPMENT_TEAM = YQEHFW5G3A;
				INFOPLIST_FILE = WeiBoCodingTests/Info.plist;
				LD_RUNPATH_SEARCH_PATHS = "$(inherited) @executable_path/Frameworks @loader_path/Frameworks";
				PRODUCT_BUNDLE_IDENTIFIER = chenxian.com.WeiBoCodingTests;
				PRODUCT_NAME = "$(TARGET_NAME)";
				SWIFT_VERSION = 4.0;
				TARGETED_DEVICE_FAMILY = "1,2";
				TEST_HOST = "$(BUILT_PRODUCTS_DIR)/WeiBoCoding.app/WeiBoCoding";
			};
			name = Debug;
		};
		94DFED38202578DE00053808 /* Release */ = {
			isa = XCBuildConfiguration;
			buildSettings = {
				ALWAYS_EMBED_SWIFT_STANDARD_LIBRARIES = YES;
				BUNDLE_LOADER = "$(TEST_HOST)";
				CODE_SIGN_STYLE = Automatic;
				DEVELOPMENT_TEAM = YQEHFW5G3A;
				INFOPLIST_FILE = WeiBoCodingTests/Info.plist;
				LD_RUNPATH_SEARCH_PATHS = "$(inherited) @executable_path/Frameworks @loader_path/Frameworks";
				PRODUCT_BUNDLE_IDENTIFIER = chenxian.com.WeiBoCodingTests;
				PRODUCT_NAME = "$(TARGET_NAME)";
				SWIFT_VERSION = 4.0;
				TARGETED_DEVICE_FAMILY = "1,2";
				TEST_HOST = "$(BUILT_PRODUCTS_DIR)/WeiBoCoding.app/WeiBoCoding";
			};
			name = Release;
		};
		94DFED3A202578DE00053808 /* Debug */ = {
			isa = XCBuildConfiguration;
			buildSettings = {
				ALWAYS_EMBED_SWIFT_STANDARD_LIBRARIES = YES;
				CODE_SIGN_STYLE = Automatic;
				DEVELOPMENT_TEAM = YQEHFW5G3A;
				INFOPLIST_FILE = WeiBoCodingUITests/Info.plist;
				LD_RUNPATH_SEARCH_PATHS = "$(inherited) @executable_path/Frameworks @loader_path/Frameworks";
				PRODUCT_BUNDLE_IDENTIFIER = chenxian.com.WeiBoCodingUITests;
				PRODUCT_NAME = "$(TARGET_NAME)";
				SWIFT_VERSION = 4.0;
				TARGETED_DEVICE_FAMILY = "1,2";
				TEST_TARGET_NAME = WeiBoCoding;
			};
			name = Debug;
		};
		94DFED3B202578DE00053808 /* Release */ = {
			isa = XCBuildConfiguration;
			buildSettings = {
				ALWAYS_EMBED_SWIFT_STANDARD_LIBRARIES = YES;
				CODE_SIGN_STYLE = Automatic;
				DEVELOPMENT_TEAM = YQEHFW5G3A;
				INFOPLIST_FILE = WeiBoCodingUITests/Info.plist;
				LD_RUNPATH_SEARCH_PATHS = "$(inherited) @executable_path/Frameworks @loader_path/Frameworks";
				PRODUCT_BUNDLE_IDENTIFIER = chenxian.com.WeiBoCodingUITests;
				PRODUCT_NAME = "$(TARGET_NAME)";
				SWIFT_VERSION = 4.0;
				TARGETED_DEVICE_FAMILY = "1,2";
				TEST_TARGET_NAME = WeiBoCoding;
			};
			name = Release;
		};
/* End XCBuildConfiguration section */

/* Begin XCConfigurationList section */
		94DFED06202578DD00053808 /* Build configuration list for PBXProject "WeiBoCoding" */ = {
			isa = XCConfigurationList;
			buildConfigurations = (
				94DFED31202578DE00053808 /* Debug */,
				94DFED32202578DE00053808 /* Release */,
			);
			defaultConfigurationIsVisible = 0;
			defaultConfigurationName = Release;
		};
		94DFED33202578DE00053808 /* Build configuration list for PBXNativeTarget "WeiBoCoding" */ = {
			isa = XCConfigurationList;
			buildConfigurations = (
				94DFED34202578DE00053808 /* Debug */,
				94DFED35202578DE00053808 /* Release */,
			);
			defaultConfigurationIsVisible = 0;
			defaultConfigurationName = Release;
		};
		94DFED36202578DE00053808 /* Build configuration list for PBXNativeTarget "WeiBoCodingTests" */ = {
			isa = XCConfigurationList;
			buildConfigurations = (
				94DFED37202578DE00053808 /* Debug */,
				94DFED38202578DE00053808 /* Release */,
			);
			defaultConfigurationIsVisible = 0;
			defaultConfigurationName = Release;
		};
		94DFED39202578DE00053808 /* Build configuration list for PBXNativeTarget "WeiBoCodingUITests" */ = {
			isa = XCConfigurationList;
			buildConfigurations = (
				94DFED3A202578DE00053808 /* Debug */,
				94DFED3B202578DE00053808 /* Release */,
			);
			defaultConfigurationIsVisible = 0;
			defaultConfigurationName = Release;
		};
/* End XCConfigurationList section */
	};
	rootObject = 94DFED03202578DD00053808 /* Project object */;
}
